
Microsoft Visual Studio Solution File, Format Version 12.00
# Visual Studio Express 2013 for Windows Desktop
VisualStudioVersion = 12.0.31101.0
MinimumVisualStudioVersion = 10.0.40219.1
Project("{FAE04EC0-301F-11D3-BF4B-00C04F79EFBC}") = "CsvOut", "CsvOut\CsvOut.csproj", "{1BA36A8F-381F-4C12-BBDB-D75FDA823235}"
EndProject
Global
	GlobalSection(SolutionConfigurationPlatforms) = preSolution
		Debug|Any CPU = Debug|Any CPU
		Release|Any CPU = Release|Any CPU
		ReleEx|Any CPU = ReleEx|Any CPU
	EndGlobalSection
	GlobalSection(ProjectConfigurationPlatforms) = postSolution
		{1BA36A8F-381F-4C12-BBDB-D75FDA823235}.Debug|Any CPU.ActiveCfg = Debug|Any CPU
		{1BA36A8F-381F-4C12-BBDB-D75FDA823235}.Debug|Any CPU.Build.0 = Debug|Any CPU
		{1BA36A8F-381F-4C12-BBDB-D75FDA823235}.Release|Any CPU.ActiveCfg = Release|Any CPU
		{1BA36A8F-381F-4C12-BBDB-D75FDA823235}.Release|Any CPU.Build.0 = Release|Any CPU
		{1BA36A8F-381F-4C12-BBDB-D75FDA823235}.ReleEx|Any CPU.ActiveCfg = ReleEx|Any CPU
		{1BA36A8F-381F-4C12-BBDB-D75FDA823235}.ReleEx|Any CPU.Build.0 = ReleEx|Any CPU
	EndGlobalSection
	GlobalSection(SolutionProperties) = preSolution
		HideSolutionNode = FALSE
	EndGlobalSection
EndGlobal
